Microsoft Visual Studio Solution File, Format Version 8.00
Project("{8BC9CEB8-8B4A-11D0-8D11-00A0C91BC942}") = "Hack_Dll", "Hack_Dll.vcproj", "{E7815DDB-42F6-4D8F-B23B-9E0774BF0F74}"
	ProjectSection(ProjectDependencies) = postProject
	EndProjectSection
EndProject
Global
	GlobalSection(SolutionConfiguration) = preSolution
		Debug = Debug
		Release = Release
	EndGlobalSection
	GlobalSection(ProjectDependencies) = postSolution
	EndGlobalSection
	GlobalSection(ProjectConfiguration) = postSolution
		{E7815DDB-42F6-4D8F-B23B-9E0774BF0F74}.Debug.ActiveCfg = Debug|Win32
		{E7815DDB-42F6-4D8F-B23B-9E0774BF0F74}.Debug.Build.0 = Debug|Win32
		{E7815DDB-42F6-4D8F-B23B-9E0774BF0F74}.Release.ActiveCfg = Release|Win32
		{E7815DDB-42F6-4D8F-B23B-9E0774BF0F74}.Release.Build.0 = Release|Win32
	EndGlobalSection
	GlobalSection(ExtensibilityGlobals) = postSolution
	EndGlobalSection
	GlobalSection(ExtensibilityAddIns) = postSolution
	EndGlobalSection
EndGlobal
